
Microsoft Visual Studio Solution File, Format Version 12.00
# Visual Studio Version 17
VisualStudioVersion = 17.5.33424.131
MinimumVisualStudioVersion = 10.0.40219.1
Project("{9A19103F-16F7-4668-BE54-9A1E7A4F7556}") = "Fruits", "Fruits\Fruits.csproj", "{A09DFAA2-978A-4611-8288-4CE1FF0E425A}"
EndProject
Project("{9A19103F-16F7-4668-BE54-9A1E7A4F7556}") = "ResponseIResults", "ResponseIResults\ResponseIResults.csproj", "{81BC5EE9-BBF7-4E96-BEC3-1583FD191526}"
EndProject
Project("{9A19103F-16F7-4668-BE54-9A1E7A4F7556}") = "EndpointRouting", "EndpointRouting\EndpointRouting.csproj", "{E8234466-6DB1-4B82-B2B1-A1E91C2448BE}"
EndProject
Project("{9A19103F-16F7-4668-BE54-9A1E7A4F7556}") = "EndpointRoutingRouteOptions", "EndpointRoutingRouteOptions\EndpointRoutingRouteOptions.csproj", "{2730019E-8214-46AA-A447-DCAF04D9A894}"
EndProject
Project("{9A19103F-16F7-4668-BE54-9A1E7A4F7556}") = "ModelBindingMinApi", "ModelBindingMinApi\ModelBindingMinApi.csproj", "{66AF4317-981F-4AAB-9FB4-DF57C6E8C0D6}"
EndProject
Project("{9A19103F-16F7-4668-BE54-9A1E7A4F7556}") = "DataValidationMinApi", "DataValidationMinApi\DataValidationMinApi.csproj", "{B659980F-9EC8-492B-9A08-59EDC9A19E89}"
EndProject
Project("{9A19103F-16F7-4668-BE54-9A1E7A4F7556}") = "WithoutDIMinApi", "DIMinApi\WithoutDIMinApi.csproj", "{AD28F537-C760-4777-9B9C-F43FD4F15078}"
EndProject
Project("{9A19103F-16F7-4668-BE54-9A1E7A4F7556}") = "WithDIMinApi", "WithDIMinApi\WithDIMinApi.csproj", "{AE3B3236-12F8-43AA-98B7-6D3685622991}"
EndProject
Project("{9A19103F-16F7-4668-BE54-9A1E7A4F7556}") = "RegisteringServsMultTimesDI", "RegisteringServsMultTimesDI\RegisteringServsMultTimesDI.csproj", "{05A0D182-907B-4BDA-9359-00AD921E278C}"
EndProject
Project("{9A19103F-16F7-4668-BE54-9A1E7A4F7556}") = "LifetimesDI", "LifetimesDI\LifetimesDI.csproj", "{0A37251B-97F1-48F7-80C1-ABBBE1A21F91}"
EndProject
Project("{9A19103F-16F7-4668-BE54-9A1E7A4F7556}") = "ConfigASPAPP", "ConfigASPAPP\ConfigASPAPP.csproj", "{8350B892-FCFC-412E-9FC4-4E020497B75A}"
EndProject
Project("{9A19103F-16F7-4668-BE54-9A1E7A4F7556}") = "OptionForAutomaticBinding", "OptionForAutomaticBinding\OptionForAutomaticBinding.csproj", "{3346894B-D419-4325-BFE1-C697D8955C64}"
EndProject
Project("{9A19103F-16F7-4668-BE54-9A1E7A4F7556}") = "UsingDistinctEnvs", "UsingDistinctEnvs\UsingDistinctEnvs.csproj", "{04E15AED-7A55-4A5E-9C09-F20799D88A7A}"
EndProject
Project("{9A19103F-16F7-4668-BE54-9A1E7A4F7556}") = "OpenApiSwashbuckle", "OpenApiSwashbuckle\OpenApiSwashbuckle.csproj", "{1B217118-DDB7-44A1-9B75-07A3FB97D902}"
EndProject
Project("{FAE04EC0-301F-11D3-BF4B-00C04F79EFBC}") = "Client", "Client\Client.csproj", "{B828676F-B1DA-4208-B5DA-07CB14B5B206}"
EndProject
Global
	GlobalSection(SolutionConfigurationPlatforms) = preSolution
		Debug|Any CPU = Debug|Any CPU
		Release|Any CPU = Release|Any CPU
	EndGlobalSection
	GlobalSection(ProjectConfigurationPlatforms) = postSolution
		{A09DFAA2-978A-4611-8288-4CE1FF0E425A}.Debug|Any CPU.ActiveCfg = Debug|Any CPU
		{A09DFAA2-978A-4611-8288-4CE1FF0E425A}.Debug|Any CPU.Build.0 = Debug|Any CPU
		{A09DFAA2-978A-4611-8288-4CE1FF0E425A}.Release|Any CPU.ActiveCfg = Release|Any CPU
		{A09DFAA2-978A-4611-8288-4CE1FF0E425A}.Release|Any CPU.Build.0 = Release|Any CPU
		{81BC5EE9-BBF7-4E96-BEC3-1583FD191526}.Debug|Any CPU.ActiveCfg = Debug|Any CPU
		{81BC5EE9-BBF7-4E96-BEC3-1583FD191526}.Debug|Any CPU.Build.0 = Debug|Any CPU
		{81BC5EE9-BBF7-4E96-BEC3-1583FD191526}.Release|Any CPU.ActiveCfg = Release|Any CPU
		{81BC5EE9-BBF7-4E96-BEC3-1583FD191526}.Release|Any CPU.Build.0 = Release|Any CPU
		{E8234466-6DB1-4B82-B2B1-A1E91C2448BE}.Debug|Any CPU.ActiveCfg = Debug|Any CPU
		{E8234466-6DB1-4B82-B2B1-A1E91C2448BE}.Debug|Any CPU.Build.0 = Debug|Any CPU
		{E8234466-6DB1-4B82-B2B1-A1E91C2448BE}.Release|Any CPU.ActiveCfg = Release|Any CPU
		{E8234466-6DB1-4B82-B2B1-A1E91C2448BE}.Release|Any CPU.Build.0 = Release|Any CPU
		{2730019E-8214-46AA-A447-DCAF04D9A894}.Debug|Any CPU.ActiveCfg = Debug|Any CPU
		{2730019E-8214-46AA-A447-DCAF04D9A894}.Debug|Any CPU.Build.0 = Debug|Any CPU
		{2730019E-8214-46AA-A447-DCAF04D9A894}.Release|Any CPU.ActiveCfg = Release|Any CPU
		{2730019E-8214-46AA-A447-DCAF04D9A894}.Release|Any CPU.Build.0 = Release|Any CPU
		{66AF4317-981F-4AAB-9FB4-DF57C6E8C0D6}.Debug|Any CPU.ActiveCfg = Debug|Any CPU
		{66AF4317-981F-4AAB-9FB4-DF57C6E8C0D6}.Debug|Any CPU.Build.0 = Debug|Any CPU
		{66AF4317-981F-4AAB-9FB4-DF57C6E8C0D6}.Release|Any CPU.ActiveCfg = Release|Any CPU
		{66AF4317-981F-4AAB-9FB4-DF57C6E8C0D6}.Release|Any CPU.Build.0 = Release|Any CPU
		{B659980F-9EC8-492B-9A08-59EDC9A19E89}.Debug|Any CPU.ActiveCfg = Debug|Any CPU
		{B659980F-9EC8-492B-9A08-59EDC9A19E89}.Debug|Any CPU.Build.0 = Debug|Any CPU
		{B659980F-9EC8-492B-9A08-59EDC9A19E89}.Release|Any CPU.ActiveCfg = Release|Any CPU
		{B659980F-9EC8-492B-9A08-59EDC9A19E89}.Release|Any CPU.Build.0 = Release|Any CPU
		{AD28F537-C760-4777-9B9C-F43FD4F15078}.Debug|Any CPU.ActiveCfg = Debug|Any CPU
		{AD28F537-C760-4777-9B9C-F43FD4F15078}.Debug|Any CPU.Build.0 = Debug|Any CPU
		{AD28F537-C760-4777-9B9C-F43FD4F15078}.Release|Any CPU.ActiveCfg = Release|Any CPU
		{AD28F537-C760-4777-9B9C-F43FD4F15078}.Release|Any CPU.Build.0 = Release|Any CPU
		{AE3B3236-12F8-43AA-98B7-6D3685622991}.Debug|Any CPU.ActiveCfg = Debug|Any CPU
		{AE3B3236-12F8-43AA-98B7-6D3685622991}.Debug|Any CPU.Build.0 = Debug|Any CPU
		{AE3B3236-12F8-43AA-98B7-6D3685622991}.Release|Any CPU.ActiveCfg = Release|Any CPU
		{AE3B3236-12F8-43AA-98B7-6D3685622991}.Release|Any CPU.Build.0 = Release|Any CPU
		{05A0D182-907B-4BDA-9359-00AD921E278C}.Debug|Any CPU.ActiveCfg = Debug|Any CPU
		{05A0D182-907B-4BDA-9359-00AD921E278C}.Debug|Any CPU.Build.0 = Debug|Any CPU
		{05A0D182-907B-4BDA-9359-00AD921E278C}.Release|Any CPU.ActiveCfg = Release|Any CPU
		{05A0D182-907B-4BDA-9359-00AD921E278C}.Release|Any CPU.Build.0 = Release|Any CPU
		{0A37251B-97F1-48F7-80C1-ABBBE1A21F91}.Debug|Any CPU.ActiveCfg = Debug|Any CPU
		{0A37251B-97F1-48F7-80C1-ABBBE1A21F91}.Debug|Any CPU.Build.0 = Debug|Any CPU
		{0A37251B-97F1-48F7-80C1-ABBBE1A21F91}.Release|Any CPU.ActiveCfg = Release|Any CPU
		{0A37251B-97F1-48F7-80C1-ABBBE1A21F91}.Release|Any CPU.Build.0 = Release|Any CPU
		{8350B892-FCFC-412E-9FC4-4E020497B75A}.Debug|Any CPU.ActiveCfg = Debug|Any CPU
		{8350B892-FCFC-412E-9FC4-4E020497B75A}.Debug|Any CPU.Build.0 = Debug|Any CPU
		{8350B892-FCFC-412E-9FC4-4E020497B75A}.Release|Any CPU.ActiveCfg = Release|Any CPU
		{8350B892-FCFC-412E-9FC4-4E020497B75A}.Release|Any CPU.Build.0 = Release|Any CPU
		{3346894B-D419-4325-BFE1-C697D8955C64}.Debug|Any CPU.ActiveCfg = Debug|Any CPU
		{3346894B-D419-4325-BFE1-C697D8955C64}.Debug|Any CPU.Build.0 = Debug|Any CPU
		{3346894B-D419-4325-BFE1-C697D8955C64}.Release|Any CPU.ActiveCfg = Release|Any CPU
		{3346894B-D419-4325-BFE1-C697D8955C64}.Release|Any CPU.Build.0 = Release|Any CPU
		{04E15AED-7A55-4A5E-9C09-F20799D88A7A}.Debug|Any CPU.ActiveCfg = Debug|Any CPU
		{04E15AED-7A55-4A5E-9C09-F20799D88A7A}.Debug|Any CPU.Build.0 = Debug|Any CPU
		{04E15AED-7A55-4A5E-9C09-F20799D88A7A}.Release|Any CPU.ActiveCfg = Release|Any CPU
		{04E15AED-7A55-4A5E-9C09-F20799D88A7A}.Release|Any CPU.Build.0 = Release|Any CPU
		{1B217118-DDB7-44A1-9B75-07A3FB97D902}.Debug|Any CPU.ActiveCfg = Debug|Any CPU
		{1B217118-DDB7-44A1-9B75-07A3FB97D902}.Debug|Any CPU.Build.0 = Debug|Any CPU
		{1B217118-DDB7-44A1-9B75-07A3FB97D902}.Release|Any CPU.ActiveCfg = Release|Any CPU
		{1B217118-DDB7-44A1-9B75-07A3FB97D902}.Release|Any CPU.Build.0 = Release|Any CPU
		{B828676F-B1DA-4208-B5DA-07CB14B5B206}.Debug|Any CPU.ActiveCfg = Debug|Any CPU
		{B828676F-B1DA-4208-B5DA-07CB14B5B206}.Debug|Any CPU.Build.0 = Debug|Any CPU
		{B828676F-B1DA-4208-B5DA-07CB14B5B206}.Release|Any CPU.ActiveCfg = Release|Any CPU
		{B828676F-B1DA-4208-B5DA-07CB14B5B206}.Release|Any CPU.Build.0 = Release|Any CPU
	EndGlobalSection
	GlobalSection(SolutionProperties) = preSolution
		HideSolutionNode = FALSE
	EndGlobalSection
	GlobalSection(ExtensibilityGlobals) = postSolution
		SolutionGuid = {F794B14C-2FFA-4CE1-9648-AC566792840B}
	EndGlobalSection
EndGlobal
